
Microsoft Visual Studio Solution File, Format Version 12.00
# Visual Studio Version 16
VisualStudioVersion = 16.0.30011.22
MinimumVisualStudioVersion = 10.0.40219.1
Project("{FAE04EC0-301F-11D3-BF4B-00C04F79EFBC}") = "Paint", "Paint\Paint.csproj", "{1ECD37CD-34C8-4D0C-B730-43EB7EA8C149}"
EndProject
Global
	GlobalSection(SolutionConfigurationPlatforms) = preSolution
		Debug|Any CPU = Debug|Any CPU
		Release|Any CPU = Release|Any CPU
	EndGlobalSection
	GlobalSection(ProjectConfigurationPlatforms) = postSolution
		{1ECD37CD-34C8-4D0C-B730-43EB7EA8C149}.Debug|Any CPU.ActiveCfg = Debug|Any CPU
		{1ECD37CD-34C8-4D0C-B730-43EB7EA8C149}.Debug|Any CPU.Build.0 = Debug|Any CPU
		{1ECD37CD-34C8-4D0C-B730-43EB7EA8C149}.Release|Any CPU.ActiveCfg = Release|Any CPU
		{1ECD37CD-34C8-4D0C-B730-43EB7EA8C149}.Release|Any CPU.Build.0 = Release|Any CPU
	EndGlobalSection
	GlobalSection(SolutionProperties) = preSolution
		HideSolutionNode = FALSE
	EndGlobalSection
	GlobalSection(ExtensibilityGlobals) = postSolution
		SolutionGuid = {A9853D4D-77F5-4D11-9D2F-75745D23B7A3}
	EndGlobalSection
EndGlobal
